
Microsoft Visual Studio Solution File, Format Version 12.00
# Visual Studio Version 16
VisualStudioVersion = 16.0.31321.278
MinimumVisualStudioVersion = 10.0.40219.1
Project("{FAE04EC0-301F-11D3-BF4B-00C04F79EFBC}") = "MyGitProject", "MyGitProject\MyGitProject.csproj", "{FDF50BAD-FF65-4B10-BFAC-E70BA1B7F25A}"
EndProject
Global
	GlobalSection(SolutionConfigurationPlatforms) = preSolution
		Debug|Any CPU = Debug|Any CPU
		Release|Any CPU = Release|Any CPU
	EndGlobalSection
	GlobalSection(ProjectConfigurationPlatforms) = postSolution
		{FDF50BAD-FF65-4B10-BFAC-E70BA1B7F25A}.Debug|Any CPU.ActiveCfg = Debug|Any CPU
		{FDF50BAD-FF65-4B10-BFAC-E70BA1B7F25A}.Debug|Any CPU.Build.0 = Debug|Any CPU
		{FDF50BAD-FF65-4B10-BFAC-E70BA1B7F25A}.Release|Any CPU.ActiveCfg = Release|Any CPU
		{FDF50BAD-FF65-4B10-BFAC-E70BA1B7F25A}.Release|Any CPU.Build.0 = Release|Any CPU
	EndGlobalSection
	GlobalSection(SolutionProperties) = preSolution
		HideSolutionNode = FALSE
	EndGlobalSection
	GlobalSection(ExtensibilityGlobals) = postSolution
		SolutionGuid = {5EB02C18-F68F-424C-8D43-C89A230ADFAE}
	EndGlobalSection
EndGlobal
